
Microsoft Visual Studio Solution File, Format Version 12.00
# Visual Studio 2012
Project("{FAE04EC0-301F-11D3-BF4B-00C04F79EFBC}") = "PsnApiArWrapper", "PsnApiArWrapper\PsnApiArWrapper.csproj", "{B6D066D9-CC66-4CC8-8DC7-3EC4C7990267}"
EndProject
Global
	GlobalSection(SolutionConfigurationPlatforms) = preSolution
		Debug|Any CPU = Debug|Any CPU
		Release|Any CPU = Release|Any CPU
	EndGlobalSection
	GlobalSection(ProjectConfigurationPlatforms) = postSolution
		{B6D066D9-CC66-4CC8-8DC7-3EC4C7990267}.Debug|Any CPU.ActiveCfg = Debug|Any CPU
		{B6D066D9-CC66-4CC8-8DC7-3EC4C7990267}.Debug|Any CPU.Build.0 = Debug|Any CPU
		{B6D066D9-CC66-4CC8-8DC7-3EC4C7990267}.Release|Any CPU.ActiveCfg = Release|Any CPU
		{B6D066D9-CC66-4CC8-8DC7-3EC4C7990267}.Release|Any CPU.Build.0 = Release|Any CPU
	EndGlobalSection
	GlobalSection(SolutionProperties) = preSolution
		HideSolutionNode = FALSE
	EndGlobalSection
EndGlobal
